// !$*UTF8*$!
{
	archiveVersion = 1;
	classes = {
	};
	objectVersion = 46;
	objects = {

/* Begin PBXGroup section */
		D4E8E47D1B9D1C3A002AEB8E = {
			isa = PBXGroup;
			children = (
			);
			sourceTree = "<group>";
		};
/* End PBXGroup section */

/* Begin PBXProject section */
		D4E8E47E1B9D1C3A002AEB8E /* Project object */ = {
			isa = PBXProject;
			attributes = {
				LastUpgradeCheck = 0640;
			};
			buildConfigurationList = D4E8E4811B9D1C3A002AEB8E /* Build configuration list for PBXProject "Joey" */;
			compatibilityVersion = "Xcode 3.2";
			developmentRegion = English;
			hasScannedForEncodings = 0;
			knownRegions = (
				en,
			);
			mainGroup = D4E8E47D1B9D1C3A002AEB8E;
			projectDirPath = "";
			projectRoot = "";
			targets = (
			);
		};
/* End PBXProject section */

/* Begin XCBuildConfiguration section */
		D4E8E4821B9D1C3A002AEB8E /* Debug */ = {
			isa = XCBuildConfiguration;
			buildSettings = {
			};
			name = Debug;
		};
		D4E8E4831B9D1C3A002AEB8E /* Release */ = {
			isa = XCBuildConfiguration;
			buildSettings = {
			};
			name = Release;
		};
/* End XCBuildConfiguration section */

/* Begin XCConfigurationList section */
		D4E8E4811B9D1C3A002AEB8E /* Build configuration list for PBXProject "Joey" */ = {
			isa = XCConfigurationList;
			buildConfigurations = (
				D4E8E4821B9D1C3A002AEB8E /* Debug */,
				D4E8E4831B9D1C3A002AEB8E /* Release */,
			);
			defaultConfigurationIsVisible = 0;
			defaultConfigurationName = Release;
		};
/* End XCConfigurationList section */
	};
	rootObject = D4E8E47E1B9D1C3A002AEB8E /* Project object */;
}
