// !$*UTF8*$!
{
	archiveVersion = 1;
	classes = {
	};
	objectVersion = 46;
	objects = {

/* Begin PBXBuildFile section */
		D4CD511F1B9EC5DD0099C18C /* AppDelegate.swift in Sources */ = {isa = PBXBuildFile; fileRef = D4CD511E1B9EC5DD0099C18C /* AppDelegate.swift */; };
		D4CD51211B9EC5DD0099C18C /* ViewController.swift in Sources */ = {isa = PBXBuildFile; fileRef = D4CD51201B9EC5DD0099C18C /* ViewController.swift */; };
		D4CD51241B9EC5DD0099C18C /* Main.storyboard in Resources */ = {isa = PBXBuildFile; fileRef = D4CD51221B9EC5DD0099C18C /* Main.storyboard */; };
		D4CD51261B9EC5DD0099C18C /* Images.xcassets in Resources */ = {isa = PBXBuildFile; fileRef = D4CD51251B9EC5DD0099C18C /* Images.xcassets */; };
		D4CD51291B9EC5DD0099C18C /* LaunchScreen.xib in Resources */ = {isa = PBXBuildFile; fileRef = D4CD51271B9EC5DD0099C18C /* LaunchScreen.xib */; };
		D4CD51351B9EC5DD0099C18C /* HappyKidsSongTests.swift in Sources */ = {isa = PBXBuildFile; fileRef = D4CD51341B9EC5DD0099C18C /* HappyKidsSongTests.swift */; };
/* End PBXBuildFile section */

/* Begin PBXContainerItemProxy section */
		D4CD512F1B9EC5DD0099C18C /* PBXContainerItemProxy */ = {
			isa = PBXContainerItemProxy;
			containerPortal = D4CD51111B9EC5DD0099C18C /* Project object */;
			proxyType = 1;
			remoteGlobalIDString = D4CD51181B9EC5DD0099C18C;
			remoteInfo = HappyKidsSong;
		};
/* End PBXContainerItemProxy section */

/* Begin PBXFileReference section */
		D4CD51191B9EC5DD0099C18C /* HappyKidsSong.app */ = {isa = PBXFileReference; explicitFileType = wrapper.application; includeInIndex = 0; path = HappyKidsSong.app; sourceTree = BUILT_PRODUCTS_DIR; };
		D4CD511D1B9EC5DD0099C18C /* Info.plist */ = {isa = PBXFileReference; lastKnownFileType = text.plist.xml; path = Info.plist; sourceTree = "<group>"; };
		D4CD511E1B9EC5DD0099C18C /* AppDelegate.swift */ = {isa = PBXFileReference; lastKnownFileType = sourcecode.swift; path = AppDelegate.swift; sourceTree = "<group>"; };
		D4CD51201B9EC5DD0099C18C /* ViewController.swift */ = {isa = PBXFileReference; lastKnownFileType = sourcecode.swift; path = ViewController.swift; sourceTree = "<group>"; };
		D4CD51231B9EC5DD0099C18C /* Base */ = {isa = PBXFileReference; lastKnownFileType = file.storyboard; name = Base; path = Base.lproj/Main.storyboard; sourceTree = "<group>"; };
		D4CD51251B9EC5DD0099C18C /* Images.xcassets */ = {isa = PBXFileReference; lastKnownFileType = folder.assetcatalog; path = Images.xcassets; sourceTree = "<group>"; };
		D4CD51281B9EC5DD0099C18C /* Base */ = {isa = PBXFileReference; lastKnownFileType = file.xib; name = Base; path = Base.lproj/LaunchScreen.xib; sourceTree = "<group>"; };
		D4CD512E1B9EC5DD0099C18C /* HappyKidsSongTests.xctest */ = {isa = PBXFileReference; explicitFileType = wrapper.cfbundle; includeInIndex = 0; path = HappyKidsSongTests.xctest; sourceTree = BUILT_PRODUCTS_DIR; };
		D4CD51331B9EC5DD0099C18C /* Info.plist */ = {isa = PBXFileReference; lastKnownFileType = text.plist.xml; path = Info.plist; sourceTree = "<group>"; };
		D4CD51341B9EC5DD0099C18C /* HappyKidsSongTests.swift */ = {isa = PBXFileReference; lastKnownFileType = sourcecode.swift; path = HappyKidsSongTests.swift; sourceTree = "<group>"; };
/* End PBXFileReference section */

/* Begin PBXFrameworksBuildPhase section */
		D4CD51161B9EC5DD0099C18C /* Frameworks */ = {
			isa = PBXFrameworksBuildPhase;
			buildActionMask = 2147483647;
			files = (
			);
			runOnlyForDeploymentPostprocessing = 0;
		};
		D4CD512B1B9EC5DD0099C18C /* Frameworks */ = {
			isa = PBXFrameworksBuildPhase;
			buildActionMask = 2147483647;
			files = (
			);
			runOnlyForDeploymentPostprocessing = 0;
		};
/* End PBXFrameworksBuildPhase section */

/* Begin PBXGroup section */
		D4CD51101B9EC5DD0099C18C = {
			isa = PBXGroup;
			children = (
				D4CD511B1B9EC5DD0099C18C /* HappyKidsSong */,
				D4CD51311B9EC5DD0099C18C /* HappyKidsSongTests */,
				D4CD511A1B9EC5DD0099C18C /* Products */,
			);
			sourceTree = "<group>";
		};
		D4CD511A1B9EC5DD0099C18C /* Products */ = {
			isa = PBXGroup;
			children = (
				D4CD51191B9EC5DD0099C18C /* HappyKidsSong.app */,
				D4CD512E1B9EC5DD0099C18C /* HappyKidsSongTests.xctest */,
			);
			name = Products;
			sourceTree = "<group>";
		};
		D4CD511B1B9EC5DD0099C18C /* HappyKidsSong */ = {
			isa = PBXGroup;
			children = (
				D4CD511E1B9EC5DD0099C18C /* AppDelegate.swift */,
				D4CD51201B9EC5DD0099C18C /* ViewController.swift */,
				D4CD51221B9EC5DD0099C18C /* Main.storyboard */,
				D4CD51251B9EC5DD0099C18C /* Images.xcassets */,
				D4CD51271B9EC5DD0099C18C /* LaunchScreen.xib */,
				D4CD511C1B9EC5DD0099C18C /* Supporting Files */,
			);
			path = HappyKidsSong;
			sourceTree = "<group>";
		};
		D4CD511C1B9EC5DD0099C18C /* Supporting Files */ = {
			isa = PBXGroup;
			children = (
				D4CD511D1B9EC5DD0099C18C /* Info.plist */,
			);
			name = "Supporting Files";
			sourceTree = "<group>";
		};
		D4CD51311B9EC5DD0099C18C /* HappyKidsSongTests */ = {
			isa = PBXGroup;
			children = (
				D4CD51341B9EC5DD0099C18C /* HappyKidsSongTests.swift */,
				D4CD51321B9EC5DD0099C18C /* Supporting Files */,
			);
			path = HappyKidsSongTests;
			sourceTree = "<group>";
		};
		D4CD51321B9EC5DD0099C18C /* Supporting Files */ = {
			isa = PBXGroup;
			children = (
				D4CD51331B9EC5DD0099C18C /* Info.plist */,
			);
			name = "Supporting Files";
			sourceTree = "<group>";
		};
/* End PBXGroup section */

/* Begin PBXNativeTarget section */
		D4CD51181B9EC5DD0099C18C /* HappyKidsSong */ = {
			isa = PBXNativeTarget;
			buildConfigurationList = D4CD51381B9EC5DD0099C18C /* Build configuration list for PBXNativeTarget "HappyKidsSong" */;
			buildPhases = (
				D4CD51151B9EC5DD0099C18C /* Sources */,
				D4CD51161B9EC5DD0099C18C /* Frameworks */,
				D4CD51171B9EC5DD0099C18C /* Resources */,
			);
			buildRules = (
			);
			dependencies = (
			);
			name = HappyKidsSong;
			productName = HappyKidsSong;
			productReference = D4CD51191B9EC5DD0099C18C /* HappyKidsSong.app */;
			productType = "com.apple.product-type.application";
		};
		D4CD512D1B9EC5DD0099C18C /* HappyKidsSongTests */ = {
			isa = PBXNativeTarget;
			buildConfigurationList = D4CD513B1B9EC5DD0099C18C /* Build configuration list for PBXNativeTarget "HappyKidsSongTests" */;
			buildPhases = (
				D4CD512A1B9EC5DD0099C18C /* Sources */,
				D4CD512B1B9EC5DD0099C18C /* Frameworks */,
				D4CD512C1B9EC5DD0099C18C /* Resources */,
			);
			buildRules = (
			);
			dependencies = (
				D4CD51301B9EC5DD0099C18C /* PBXTargetDependency */,
			);
			name = HappyKidsSongTests;
			productName = HappyKidsSongTests;
			productReference = D4CD512E1B9EC5DD0099C18C /* HappyKidsSongTests.xctest */;
			productType = "com.apple.product-type.bundle.unit-test";
		};
/* End PBXNativeTarget section */

/* Begin PBXProject section */
		D4CD51111B9EC5DD0099C18C /* Project object */ = {
			isa = PBXProject;
			attributes = {
				LastUpgradeCheck = 0640;
				ORGANIZATIONNAME = anta;
				TargetAttributes = {
					D4CD51181B9EC5DD0099C18C = {
						CreatedOnToolsVersion = 6.4;
					};
					D4CD512D1B9EC5DD0099C18C = {
						CreatedOnToolsVersion = 6.4;
						TestTargetID = D4CD51181B9EC5DD0099C18C;
					};
				};
			};
			buildConfigurationList = D4CD51141B9EC5DD0099C18C /* Build configuration list for PBXProject "HappyKidsSong" */;
			compatibilityVersion = "Xcode 3.2";
			developmentRegion = English;
			hasScannedForEncodings = 0;
			knownRegions = (
				en,
				Base,
			);
			mainGroup = D4CD51101B9EC5DD0099C18C;
			productRefGroup = D4CD511A1B9EC5DD0099C18C /* Products */;
			projectDirPath = "";
			projectRoot = "";
			targets = (
				D4CD51181B9EC5DD0099C18C /* HappyKidsSong */,
				D4CD512D1B9EC5DD0099C18C /* HappyKidsSongTests */,
			);
		};
/* End PBXProject section */

/* Begin PBXResourcesBuildPhase section */
		D4CD51171B9EC5DD0099C18C /* Resources */ = {
			isa = PBXResourcesBuildPhase;
			buildActionMask = 2147483647;
			files = (
				D4CD51241B9EC5DD0099C18C /* Main.storyboard in Resources */,
				D4CD51291B9EC5DD0099C18C /* LaunchScreen.xib in Resources */,
				D4CD51261B9EC5DD0099C18C /* Images.xcassets in Resources */,
			);
			runOnlyForDeploymentPostprocessing = 0;
		};
		D4CD512C1B9EC5DD0099C18C /* Resources */ = {
			isa = PBXResourcesBuildPhase;
			buildActionMask = 2147483647;
			files = (
			);
			runOnlyForDeploymentPostprocessing = 0;
		};
/* End PBXResourcesBuildPhase section */

/* Begin PBXSourcesBuildPhase section */
		D4CD51151B9EC5DD0099C18C /* Sources */ = {
			isa = PBXSourcesBuildPhase;
			buildActionMask = 2147483647;
			files = (
				D4CD51211B9EC5DD0099C18C /* ViewController.swift in Sources */,
				D4CD511F1B9EC5DD0099C18C /* AppDelegate.swift in Sources */,
			);
			runOnlyForDeploymentPostprocessing = 0;
		};
		D4CD512A1B9EC5DD0099C18C /* Sources */ = {
			isa = PBXSourcesBuildPhase;
			buildActionMask = 2147483647;
			files = (
				D4CD51351B9EC5DD0099C18C /* HappyKidsSongTests.swift in Sources */,
			);
			runOnlyForDeploymentPostprocessing = 0;
		};
/* End PBXSourcesBuildPhase section */

/* Begin PBXTargetDependency section */
		D4CD51301B9EC5DD0099C18C /* PBXTargetDependency */ = {
			isa = PBXTargetDependency;
			target = D4CD51181B9EC5DD0099C18C /* HappyKidsSong */;
			targetProxy = D4CD512F1B9EC5DD0099C18C /* PBXContainerItemProxy */;
		};
/* End PBXTargetDependency section */

/* Begin PBXVariantGroup section */
		D4CD51221B9EC5DD0099C18C /* Main.storyboard */ = {
			isa = PBXVariantGroup;
			children = (
				D4CD51231B9EC5DD0099C18C /* Base */,
			);
			name = Main.storyboard;
			sourceTree = "<group>";
		};
		D4CD51271B9EC5DD0099C18C /* LaunchScreen.xib */ = {
			isa = PBXVariantGroup;
			children = (
				D4CD51281B9EC5DD0099C18C /* Base */,
			);
			name = LaunchScreen.xib;
			sourceTree = "<group>";
		};
/* End PBXVariantGroup section */

/* Begin XCBuildConfiguration section */
		D4CD51361B9EC5DD0099C18C /* Debug */ = {
			isa = XCBuildConfiguration;
			buildSettings = {
				ALWAYS_SEARCH_USER_PATHS = NO;
				CLANG_CXX_LANGUAGE_STANDARD = "gnu++0x";
				CLANG_CXX_LIBRARY = "libc++";
				CLANG_ENABLE_MODULES = YES;
				CLANG_ENABLE_OBJC_ARC = YES;
				CLANG_WARN_BOOL_CONVERSION = YES;
				CLANG_WARN_CONSTANT_CONVERSION = YES;
				CLANG_WARN_DIRECT_OBJC_ISA_USAGE = YES_ERROR;
				CLANG_WARN_EMPTY_BODY = YES;
				CLANG_WARN_ENUM_CONVERSION = YES;
				CLANG_WARN_INT_CONVERSION = YES;
				CLANG_WARN_OBJC_ROOT_CLASS = YES_ERROR;
				CLANG_WARN_UNREACHABLE_CODE = YES;
				CLANG_WARN__DUPLICATE_METHOD_MATCH = YES;
				"CODE_SIGN_IDENTITY[sdk=iphoneos*]" = "iPhone Developer";
				COPY_PHASE_STRIP = NO;
				DEBUG_INFORMATION_FORMAT = "dwarf-with-dsym";
				ENABLE_STRICT_OBJC_MSGSEND = YES;
				GCC_C_LANGUAGE_STANDARD = gnu99;
				GCC_DYNAMIC_NO_PIC = NO;
				GCC_NO_COMMON_BLOCKS = YES;
				GCC_OPTIMIZATION_LEVEL = 0;
				GCC_PREPROCESSOR_DEFINITIONS = (
					"DEBUG=1",
					"$(inherited)",
				);
				GCC_SYMBOLS_PRIVATE_EXTERN = NO;
				GCC_WARN_64_TO_32_BIT_CONVERSION = YES;
				GCC_WARN_ABOUT_RETURN_TYPE = YES_ERROR;
				GCC_WARN_UNDECLARED_SELECTOR = YES;
				GCC_WARN_UNINITIALIZED_AUTOS = YES_AGGRESSIVE;
				GCC_WARN_UNUSED_FUNCTION = YES;
				GCC_WARN_UNUSED_VARIABLE = YES;
				IPHONEOS_DEPLOYMENT_TARGET = 8.4;
				MTL_ENABLE_DEBUG_INFO = YES;
				ONLY_ACTIVE_ARCH = YES;
				SDKROOT = iphoneos;
				SWIFT_OPTIMIZATION_LEVEL = "-Onone";
			};
			name = Debug;
		};
		D4CD51371B9EC5DD0099C18C /* Release */ = {
			isa = XCBuildConfiguration;
			buildSettings = {
				ALWAYS_SEARCH_USER_PATHS = NO;
				CLANG_CXX_LANGUAGE_STANDARD = "gnu++0x";
				CLANG_CXX_LIBRARY = "libc++";
				CLANG_ENABLE_MODULES = YES;
				CLANG_ENABLE_OBJC_ARC = YES;
				CLANG_WARN_BOOL_CONVERSION = YES;
				CLANG_WARN_CONSTANT_CONVERSION = YES;
				CLANG_WARN_DIRECT_OBJC_ISA_USAGE = YES_ERROR;
				CLANG_WARN_EMPTY_BODY = YES;
				CLANG_WARN_ENUM_CONVERSION = YES;
				CLANG_WARN_INT_CONVERSION = YES;
				CLANG_WARN_OBJC_ROOT_CLASS = YES_ERROR;
				CLANG_WARN_UNREACHABLE_CODE = YES;
				CLANG_WARN__DUPLICATE_METHOD_MATCH = YES;
				"CODE_SIGN_IDENTITY[sdk=iphoneos*]" = "iPhone Developer";
				COPY_PHASE_STRIP = NO;
				DEBUG_INFORMATION_FORMAT = "dwarf-with-dsym";
				ENABLE_NS_ASSERTIONS = NO;
				ENABLE_STRICT_OBJC_MSGSEND = YES;
				GCC_C_LANGUAGE_STANDARD = gnu99;
				GCC_NO_COMMON_BLOCKS = YES;
				GCC_WARN_64_TO_32_BIT_CONVERSION = YES;
				GCC_WARN_ABOUT_RETURN_TYPE = YES_ERROR;
				GCC_WARN_UNDECLARED_SELECTOR = YES;
				GCC_WARN_UNINITIALIZED_AUTOS = YES_AGGRESSIVE;
				GCC_WARN_UNUSED_FUNCTION = YES;
				GCC_WARN_UNUSED_VARIABLE = YES;
				IPHONEOS_DEPLOYMENT_TARGET = 8.4;
				MTL_ENABLE_DEBUG_INFO = NO;
				SDKROOT = iphoneos;
				VALIDATE_PRODUCT = YES;
			};
			name = Release;
		};
		D4CD51391B9EC5DD0099C18C /* Debug */ = {
			isa = XCBuildConfiguration;
			buildSettings = {
				ASSETCATALOG_COMPILER_APPICON_NAME = AppIcon;
				INFOPLIST_FILE = HappyKidsSong/Info.plist;
				LD_RUNPATH_SEARCH_PATHS = "$(inherited) @executable_path/Frameworks";
				PRODUCT_NAME = "$(TARGET_NAME)";
			};
			name = Debug;
		};
		D4CD513A1B9EC5DD0099C18C /* Release */ = {
			isa = XCBuildConfiguration;
			buildSettings = {
				ASSETCATALOG_COMPILER_APPICON_NAME = AppIcon;
				INFOPLIST_FILE = HappyKidsSong/Info.plist;
				LD_RUNPATH_SEARCH_PATHS = "$(inherited) @executable_path/Frameworks";
				PRODUCT_NAME = "$(TARGET_NAME)";
			};
			name = Release;
		};
		D4CD513C1B9EC5DD0099C18C /* Debug */ = {
			isa = XCBuildConfiguration;
			buildSettings = {
				BUNDLE_LOADER = "$(TEST_HOST)";
				FRAMEWORK_SEARCH_PATHS = (
					"$(SDKROOT)/Developer/Library/Frameworks",
					"$(inherited)",
				);
				GCC_PREPROCESSOR_DEFINITIONS = (
					"DEBUG=1",
					"$(inherited)",
				);
				INFOPLIST_FILE = HappyKidsSongTests/Info.plist;
				LD_RUNPATH_SEARCH_PATHS = "$(inherited) @executable_path/Frameworks @loader_path/Frameworks";
				PRODUCT_NAME = "$(TARGET_NAME)";
				TEST_HOST = "$(BUILT_PRODUCTS_DIR)/HappyKidsSong.app/HappyKidsSong";
			};
			name = Debug;
		};
		D4CD513D1B9EC5DD0099C18C /* Release */ = {
			isa = XCBuildConfiguration;
			buildSettings = {
				BUNDLE_LOADER = "$(TEST_HOST)";
				FRAMEWORK_SEARCH_PATHS = (
					"$(SDKROOT)/Developer/Library/Frameworks",
					"$(inherited)",
				);
				INFOPLIST_FILE = HappyKidsSongTests/Info.plist;
				LD_RUNPATH_SEARCH_PATHS = "$(inherited) @executable_path/Frameworks @loader_path/Frameworks";
				PRODUCT_NAME = "$(TARGET_NAME)";
				TEST_HOST = "$(BUILT_PRODUCTS_DIR)/HappyKidsSong.app/HappyKidsSong";
			};
			name = Release;
		};
/* End XCBuildConfiguration section */

/* Begin XCConfigurationList section */
		D4CD51141B9EC5DD0099C18C /* Build configuration list for PBXProject "HappyKidsSong" */ = {
			isa = XCConfigurationList;
			buildConfigurations = (
				D4CD51361B9EC5DD0099C18C /* Debug */,
				D4CD51371B9EC5DD0099C18C /* Release */,
			);
			defaultConfigurationIsVisible = 0;
			defaultConfigurationName = Release;
		};
		D4CD51381B9EC5DD0099C18C /* Build configuration list for PBXNativeTarget "HappyKidsSong" */ = {
			isa = XCConfigurationList;
			buildConfigurations = (
				D4CD51391B9EC5DD0099C18C /* Debug */,
				D4CD513A1B9EC5DD0099C18C /* Release */,
			);
			defaultConfigurationIsVisible = 0;
		};
		D4CD513B1B9EC5DD0099C18C /* Build configuration list for PBXNativeTarget "HappyKidsSongTests" */ = {
			isa = XCConfigurationList;
			buildConfigurations = (
				D4CD513C1B9EC5DD0099C18C /* Debug */,
				D4CD513D1B9EC5DD0099C18C /* Release */,
			);
			defaultConfigurationIsVisible = 0;
		};
/* End XCConfigurationList section */
	};
	rootObject = D4CD51111B9EC5DD0099C18C /* Project object */;
}
